
Microsoft Visual Studio Solution File, Format Version 12.00
# Visual Studio 14
VisualStudioVersion = 14.0.25123.0
MinimumVisualStudioVersion = 10.0.40219.1
Project("{FAE04EC0-301F-11D3-BF4B-00C04F79EFBC}") = "WebViewUITestApp.UITest", "WebViewUITestApp.UITest\WebViewUITestApp.UITest.csproj", "{8289F30B-5AB5-4618-8E25-557EF4A4A4E0}"
EndProject
Project("{FAE04EC0-301F-11D3-BF4B-00C04F79EFBC}") = "WebViewUITestApp.iOS", "WebViewUITestApp.iOS\WebViewUITestApp.iOS.csproj", "{D193E90B-08A1-4DE8-89C1-2D921A854636}"
EndProject
Project("{FAE04EC0-301F-11D3-BF4B-00C04F79EFBC}") = "WebViewUITestApp", "WebViewUITestApp\WebViewUITestApp.csproj", "{4983174C-B10D-46C2-A54F-B7E9167E0977}"
EndProject
Global
	GlobalSection(SolutionConfigurationPlatforms) = preSolution
		Ad-Hoc|Any CPU = Ad-Hoc|Any CPU
		Ad-Hoc|ARM = Ad-Hoc|ARM
		Ad-Hoc|iPhone = Ad-Hoc|iPhone
		Ad-Hoc|iPhoneSimulator = Ad-Hoc|iPhoneSimulator
		Ad-Hoc|x64 = Ad-Hoc|x64
		Ad-Hoc|x86 = Ad-Hoc|x86
		AppStore|Any CPU = AppStore|Any CPU
		AppStore|ARM = AppStore|ARM
		AppStore|iPhone = AppStore|iPhone
		AppStore|iPhoneSimulator = AppStore|iPhoneSimulator
		AppStore|x64 = AppStore|x64
		AppStore|x86 = AppStore|x86
		Debug|Any CPU = Debug|Any CPU
		Debug|ARM = Debug|ARM
		Debug|iPhone = Debug|iPhone
		Debug|iPhoneSimulator = Debug|iPhoneSimulator
		Debug|x64 = Debug|x64
		Debug|x86 = Debug|x86
		Release|Any CPU = Release|Any CPU
		Release|ARM = Release|ARM
		Release|iPhone = Release|iPhone
		Release|iPhoneSimulator = Release|iPhoneSimulator
		Release|x64 = Release|x64
		Release|x86 = Release|x86
	EndGlobalSection
	GlobalSection(ProjectConfigurationPlatforms) = postSolution
		{8289F30B-5AB5-4618-8E25-557EF4A4A4E0}.Ad-Hoc|Any CPU.ActiveCfg = Release|Any CPU
		{8289F30B-5AB5-4618-8E25-557EF4A4A4E0}.Ad-Hoc|Any CPU.Build.0 = Release|Any CPU
		{8289F30B-5AB5-4618-8E25-557EF4A4A4E0}.Ad-Hoc|ARM.ActiveCfg = Release|Any CPU
		{8289F30B-5AB5-4618-8E25-557EF4A4A4E0}.Ad-Hoc|ARM.Build.0 = Release|Any CPU
		{8289F30B-5AB5-4618-8E25-557EF4A4A4E0}.Ad-Hoc|iPhone.ActiveCfg = Release|Any CPU
		{8289F30B-5AB5-4618-8E25-557EF4A4A4E0}.Ad-Hoc|iPhone.Build.0 = Release|Any CPU
		{8289F30B-5AB5-4618-8E25-557EF4A4A4E0}.Ad-Hoc|iPhoneSimulator.ActiveCfg = Release|Any CPU
		{8289F30B-5AB5-4618-8E25-557EF4A4A4E0}.Ad-Hoc|iPhoneSimulator.Build.0 = Release|Any CPU
		{8289F30B-5AB5-4618-8E25-557EF4A4A4E0}.Ad-Hoc|x64.ActiveCfg = Release|Any CPU
		{8289F30B-5AB5-4618-8E25-557EF4A4A4E0}.Ad-Hoc|x64.Build.0 = Release|Any CPU
		{8289F30B-5AB5-4618-8E25-557EF4A4A4E0}.Ad-Hoc|x86.ActiveCfg = Release|Any CPU
		{8289F30B-5AB5-4618-8E25-557EF4A4A4E0}.Ad-Hoc|x86.Build.0 = Release|Any CPU
		{8289F30B-5AB5-4618-8E25-557EF4A4A4E0}.AppStore|Any CPU.ActiveCfg = Release|Any CPU
		{8289F30B-5AB5-4618-8E25-557EF4A4A4E0}.AppStore|Any CPU.Build.0 = Release|Any CPU
		{8289F30B-5AB5-4618-8E25-557EF4A4A4E0}.AppStore|ARM.ActiveCfg = Release|Any CPU
		{8289F30B-5AB5-4618-8E25-557EF4A4A4E0}.AppStore|ARM.Build.0 = Release|Any CPU
		{8289F30B-5AB5-4618-8E25-557EF4A4A4E0}.AppStore|iPhone.ActiveCfg = Release|Any CPU
		{8289F30B-5AB5-4618-8E25-557EF4A4A4E0}.AppStore|iPhone.Build.0 = Release|Any CPU
		{8289F30B-5AB5-4618-8E25-557EF4A4A4E0}.AppStore|iPhoneSimulator.ActiveCfg = Release|Any CPU
		{8289F30B-5AB5-4618-8E25-557EF4A4A4E0}.AppStore|iPhoneSimulator.Build.0 = Release|Any CPU
		{8289F30B-5AB5-4618-8E25-557EF4A4A4E0}.AppStore|x64.ActiveCfg = Release|Any CPU
		{8289F30B-5AB5-4618-8E25-557EF4A4A4E0}.AppStore|x64.Build.0 = Release|Any CPU
		{8289F30B-5AB5-4618-8E25-557EF4A4A4E0}.AppStore|x86.ActiveCfg = Release|Any CPU
		{8289F30B-5AB5-4618-8E25-557EF4A4A4E0}.AppStore|x86.Build.0 = Release|Any CPU
		{8289F30B-5AB5-4618-8E25-557EF4A4A4E0}.Debug|Any CPU.ActiveCfg = Debug|Any CPU
		{8289F30B-5AB5-4618-8E25-557EF4A4A4E0}.Debug|Any CPU.Build.0 = Debug|Any CPU
		{8289F30B-5AB5-4618-8E25-557EF4A4A4E0}.Debug|ARM.ActiveCfg = Debug|Any CPU
		{8289F30B-5AB5-4618-8E25-557EF4A4A4E0}.Debug|ARM.Build.0 = Debug|Any CPU
		{8289F30B-5AB5-4618-8E25-557EF4A4A4E0}.Debug|iPhone.ActiveCfg = Debug|Any CPU
		{8289F30B-5AB5-4618-8E25-557EF4A4A4E0}.Debug|iPhone.Build.0 = Debug|Any CPU
		{8289F30B-5AB5-4618-8E25-557EF4A4A4E0}.Debug|iPhoneSimulator.ActiveCfg = Debug|Any CPU
		{8289F30B-5AB5-4618-8E25-557EF4A4A4E0}.Debug|iPhoneSimulator.Build.0 = Debug|Any CPU
		{8289F30B-5AB5-4618-8E25-557EF4A4A4E0}.Debug|x64.ActiveCfg = Debug|Any CPU
		{8289F30B-5AB5-4618-8E25-557EF4A4A4E0}.Debug|x64.Build.0 = Debug|Any CPU
		{8289F30B-5AB5-4618-8E25-557EF4A4A4E0}.Debug|x86.ActiveCfg = Debug|Any CPU
		{8289F30B-5AB5-4618-8E25-557EF4A4A4E0}.Debug|x86.Build.0 = Debug|Any CPU
		{8289F30B-5AB5-4618-8E25-557EF4A4A4E0}.Release|Any CPU.ActiveCfg = Release|Any CPU
		{8289F30B-5AB5-4618-8E25-557EF4A4A4E0}.Release|Any CPU.Build.0 = Release|Any CPU
		{8289F30B-5AB5-4618-8E25-557EF4A4A4E0}.Release|ARM.ActiveCfg = Release|Any CPU
		{8289F30B-5AB5-4618-8E25-557EF4A4A4E0}.Release|ARM.Build.0 = Release|Any CPU
		{8289F30B-5AB5-4618-8E25-557EF4A4A4E0}.Release|iPhone.ActiveCfg = Release|Any CPU
		{8289F30B-5AB5-4618-8E25-557EF4A4A4E0}.Release|iPhone.Build.0 = Release|Any CPU
		{8289F30B-5AB5-4618-8E25-557EF4A4A4E0}.Release|iPhoneSimulator.ActiveCfg = Release|Any CPU
		{8289F30B-5AB5-4618-8E25-557EF4A4A4E0}.Release|iPhoneSimulator.Build.0 = Release|Any CPU
		{8289F30B-5AB5-4618-8E25-557EF4A4A4E0}.Release|x64.ActiveCfg = Release|Any CPU
		{8289F30B-5AB5-4618-8E25-557EF4A4A4E0}.Release|x64.Build.0 = Release|Any CPU
		{8289F30B-5AB5-4618-8E25-557EF4A4A4E0}.Release|x86.ActiveCfg = Release|Any CPU
		{8289F30B-5AB5-4618-8E25-557EF4A4A4E0}.Release|x86.Build.0 = Release|Any CPU
		{D193E90B-08A1-4DE8-89C1-2D921A854636}.Ad-Hoc|Any CPU.ActiveCfg = Ad-Hoc|iPhone
		{D193E90B-08A1-4DE8-89C1-2D921A854636}.Ad-Hoc|Any CPU.Build.0 = Ad-Hoc|iPhone
		{D193E90B-08A1-4DE8-89C1-2D921A854636}.Ad-Hoc|ARM.ActiveCfg = Ad-Hoc|iPhone
		{D193E90B-08A1-4DE8-89C1-2D921A854636}.Ad-Hoc|ARM.Build.0 = Ad-Hoc|iPhone
		{D193E90B-08A1-4DE8-89C1-2D921A854636}.Ad-Hoc|iPhone.ActiveCfg = Ad-Hoc|iPhone
		{D193E90B-08A1-4DE8-89C1-2D921A854636}.Ad-Hoc|iPhone.Build.0 = Ad-Hoc|iPhone
		{D193E90B-08A1-4DE8-89C1-2D921A854636}.Ad-Hoc|iPhoneSimulator.ActiveCfg = Debug|iPhoneSimulator
		{D193E90B-08A1-4DE8-89C1-2D921A854636}.Ad-Hoc|iPhoneSimulator.Build.0 = Debug|iPhoneSimulator
		{D193E90B-08A1-4DE8-89C1-2D921A854636}.Ad-Hoc|x64.ActiveCfg = Ad-Hoc|iPhone
		{D193E90B-08A1-4DE8-89C1-2D921A854636}.Ad-Hoc|x64.Build.0 = Ad-Hoc|iPhone
		{D193E90B-08A1-4DE8-89C1-2D921A854636}.Ad-Hoc|x86.ActiveCfg = Ad-Hoc|iPhone
		{D193E90B-08A1-4DE8-89C1-2D921A854636}.Ad-Hoc|x86.Build.0 = Ad-Hoc|iPhone
		{D193E90B-08A1-4DE8-89C1-2D921A854636}.AppStore|Any CPU.ActiveCfg = AppStore|iPhone
		{D193E90B-08A1-4DE8-89C1-2D921A854636}.AppStore|Any CPU.Build.0 = AppStore|iPhone
		{D193E90B-08A1-4DE8-89C1-2D921A854636}.AppStore|ARM.ActiveCfg = AppStore|iPhone
		{D193E90B-08A1-4DE8-89C1-2D921A854636}.AppStore|ARM.Build.0 = AppStore|iPhone
		{D193E90B-08A1-4DE8-89C1-2D921A854636}.AppStore|iPhone.ActiveCfg = AppStore|iPhone
		{D193E90B-08A1-4DE8-89C1-2D921A854636}.AppStore|iPhone.Build.0 = AppStore|iPhone
		{D193E90B-08A1-4DE8-89C1-2D921A854636}.AppStore|iPhoneSimulator.ActiveCfg = Debug|iPhoneSimulator
		{D193E90B-08A1-4DE8-89C1-2D921A854636}.AppStore|iPhoneSimulator.Build.0 = Debug|iPhoneSimulator
		{D193E90B-08A1-4DE8-89C1-2D921A854636}.AppStore|x64.ActiveCfg = AppStore|iPhone
		{D193E90B-08A1-4DE8-89C1-2D921A854636}.AppStore|x64.Build.0 = AppStore|iPhone
		{D193E90B-08A1-4DE8-89C1-2D921A854636}.AppStore|x86.ActiveCfg = AppStore|iPhone
		{D193E90B-08A1-4DE8-89C1-2D921A854636}.AppStore|x86.Build.0 = AppStore|iPhone
		{D193E90B-08A1-4DE8-89C1-2D921A854636}.Debug|Any CPU.ActiveCfg = Debug|iPhoneSimulator
		{D193E90B-08A1-4DE8-89C1-2D921A854636}.Debug|Any CPU.Build.0 = Debug|iPhoneSimulator
		{D193E90B-08A1-4DE8-89C1-2D921A854636}.Debug|ARM.ActiveCfg = Debug|iPhoneSimulator
		{D193E90B-08A1-4DE8-89C1-2D921A854636}.Debug|ARM.Build.0 = Debug|iPhoneSimulator
		{D193E90B-08A1-4DE8-89C1-2D921A854636}.Debug|iPhone.ActiveCfg = Debug|iPhone
		{D193E90B-08A1-4DE8-89C1-2D921A854636}.Debug|iPhone.Build.0 = Debug|iPhone
		{D193E90B-08A1-4DE8-89C1-2D921A854636}.Debug|iPhoneSimulator.ActiveCfg = Debug|iPhoneSimulator
		{D193E90B-08A1-4DE8-89C1-2D921A854636}.Debug|iPhoneSimulator.Build.0 = Debug|iPhoneSimulator
		{D193E90B-08A1-4DE8-89C1-2D921A854636}.Debug|x64.ActiveCfg = Debug|iPhoneSimulator
		{D193E90B-08A1-4DE8-89C1-2D921A854636}.Debug|x64.Build.0 = Debug|iPhoneSimulator
		{D193E90B-08A1-4DE8-89C1-2D921A854636}.Debug|x86.ActiveCfg = Debug|iPhoneSimulator
		{D193E90B-08A1-4DE8-89C1-2D921A854636}.Debug|x86.Build.0 = Debug|iPhoneSimulator
		{D193E90B-08A1-4DE8-89C1-2D921A854636}.Release|Any CPU.ActiveCfg = Release|iPhoneSimulator
		{D193E90B-08A1-4DE8-89C1-2D921A854636}.Release|Any CPU.Build.0 = Release|iPhoneSimulator
		{D193E90B-08A1-4DE8-89C1-2D921A854636}.Release|ARM.ActiveCfg = Release|iPhoneSimulator
		{D193E90B-08A1-4DE8-89C1-2D921A854636}.Release|ARM.Build.0 = Release|iPhoneSimulator
		{D193E90B-08A1-4DE8-89C1-2D921A854636}.Release|iPhone.ActiveCfg = Release|iPhone
		{D193E90B-08A1-4DE8-89C1-2D921A854636}.Release|iPhone.Build.0 = Release|iPhone
		{D193E90B-08A1-4DE8-89C1-2D921A854636}.Release|iPhoneSimulator.ActiveCfg = Release|iPhoneSimulator
		{D193E90B-08A1-4DE8-89C1-2D921A854636}.Release|iPhoneSimulator.Build.0 = Release|iPhoneSimulator
		{D193E90B-08A1-4DE8-89C1-2D921A854636}.Release|x64.ActiveCfg = Release|iPhoneSimulator
		{D193E90B-08A1-4DE8-89C1-2D921A854636}.Release|x64.Build.0 = Release|iPhoneSimulator
		{D193E90B-08A1-4DE8-89C1-2D921A854636}.Release|x86.ActiveCfg = Release|iPhoneSimulator
		{D193E90B-08A1-4DE8-89C1-2D921A854636}.Release|x86.Build.0 = Release|iPhoneSimulator
		{4983174C-B10D-46C2-A54F-B7E9167E0977}.Ad-Hoc|Any CPU.ActiveCfg = Release|Any CPU
		{4983174C-B10D-46C2-A54F-B7E9167E0977}.Ad-Hoc|Any CPU.Build.0 = Release|Any CPU
		{4983174C-B10D-46C2-A54F-B7E9167E0977}.Ad-Hoc|ARM.ActiveCfg = Release|Any CPU
		{4983174C-B10D-46C2-A54F-B7E9167E0977}.Ad-Hoc|ARM.Build.0 = Release|Any CPU
		{4983174C-B10D-46C2-A54F-B7E9167E0977}.Ad-Hoc|iPhone.ActiveCfg = Release|Any CPU
		{4983174C-B10D-46C2-A54F-B7E9167E0977}.Ad-Hoc|iPhone.Build.0 = Release|Any CPU
		{4983174C-B10D-46C2-A54F-B7E9167E0977}.Ad-Hoc|iPhoneSimulator.ActiveCfg = Release|Any CPU
		{4983174C-B10D-46C2-A54F-B7E9167E0977}.Ad-Hoc|iPhoneSimulator.Build.0 = Release|Any CPU
		{4983174C-B10D-46C2-A54F-B7E9167E0977}.Ad-Hoc|x64.ActiveCfg = Release|Any CPU
		{4983174C-B10D-46C2-A54F-B7E9167E0977}.Ad-Hoc|x64.Build.0 = Release|Any CPU
		{4983174C-B10D-46C2-A54F-B7E9167E0977}.Ad-Hoc|x86.ActiveCfg = Release|Any CPU
		{4983174C-B10D-46C2-A54F-B7E9167E0977}.Ad-Hoc|x86.Build.0 = Release|Any CPU
		{4983174C-B10D-46C2-A54F-B7E9167E0977}.AppStore|Any CPU.ActiveCfg = Release|Any CPU
		{4983174C-B10D-46C2-A54F-B7E9167E0977}.AppStore|Any CPU.Build.0 = Release|Any CPU
		{4983174C-B10D-46C2-A54F-B7E9167E0977}.AppStore|ARM.ActiveCfg = Release|Any CPU
		{4983174C-B10D-46C2-A54F-B7E9167E0977}.AppStore|ARM.Build.0 = Release|Any CPU
		{4983174C-B10D-46C2-A54F-B7E9167E0977}.AppStore|iPhone.ActiveCfg = Release|Any CPU
		{4983174C-B10D-46C2-A54F-B7E9167E0977}.AppStore|iPhone.Build.0 = Release|Any CPU
		{4983174C-B10D-46C2-A54F-B7E9167E0977}.AppStore|iPhoneSimulator.ActiveCfg = Release|Any CPU
		{4983174C-B10D-46C2-A54F-B7E9167E0977}.AppStore|iPhoneSimulator.Build.0 = Release|Any CPU
		{4983174C-B10D-46C2-A54F-B7E9167E0977}.AppStore|x64.ActiveCfg = Release|Any CPU
		{4983174C-B10D-46C2-A54F-B7E9167E0977}.AppStore|x64.Build.0 = Release|Any CPU
		{4983174C-B10D-46C2-A54F-B7E9167E0977}.AppStore|x86.ActiveCfg = Release|Any CPU
		{4983174C-B10D-46C2-A54F-B7E9167E0977}.AppStore|x86.Build.0 = Release|Any CPU
		{4983174C-B10D-46C2-A54F-B7E9167E0977}.Debug|Any CPU.ActiveCfg = Debug|Any CPU
		{4983174C-B10D-46C2-A54F-B7E9167E0977}.Debug|Any CPU.Build.0 = Debug|Any CPU
		{4983174C-B10D-46C2-A54F-B7E9167E0977}.Debug|ARM.ActiveCfg = Debug|Any CPU
		{4983174C-B10D-46C2-A54F-B7E9167E0977}.Debug|ARM.Build.0 = Debug|Any CPU
		{4983174C-B10D-46C2-A54F-B7E9167E0977}.Debug|iPhone.ActiveCfg = Debug|Any CPU
		{4983174C-B10D-46C2-A54F-B7E9167E0977}.Debug|iPhone.Build.0 = Debug|Any CPU
		{4983174C-B10D-46C2-A54F-B7E9167E0977}.Debug|iPhoneSimulator.ActiveCfg = Debug|Any CPU
		{4983174C-B10D-46C2-A54F-B7E9167E0977}.Debug|iPhoneSimulator.Build.0 = Debug|Any CPU
		{4983174C-B10D-46C2-A54F-B7E9167E0977}.Debug|x64.ActiveCfg = Debug|Any CPU
		{4983174C-B10D-46C2-A54F-B7E9167E0977}.Debug|x64.Build.0 = Debug|Any CPU
		{4983174C-B10D-46C2-A54F-B7E9167E0977}.Debug|x86.ActiveCfg = Debug|Any CPU
		{4983174C-B10D-46C2-A54F-B7E9167E0977}.Debug|x86.Build.0 = Debug|Any CPU
		{4983174C-B10D-46C2-A54F-B7E9167E0977}.Release|Any CPU.ActiveCfg = Release|Any CPU
		{4983174C-B10D-46C2-A54F-B7E9167E0977}.Release|Any CPU.Build.0 = Release|Any CPU
		{4983174C-B10D-46C2-A54F-B7E9167E0977}.Release|ARM.ActiveCfg = Release|Any CPU
		{4983174C-B10D-46C2-A54F-B7E9167E0977}.Release|ARM.Build.0 = Release|Any CPU
		{4983174C-B10D-46C2-A54F-B7E9167E0977}.Release|iPhone.ActiveCfg = Release|Any CPU
		{4983174C-B10D-46C2-A54F-B7E9167E0977}.Release|iPhone.Build.0 = Release|Any CPU
		{4983174C-B10D-46C2-A54F-B7E9167E0977}.Release|iPhoneSimulator.ActiveCfg = Release|Any CPU
		{4983174C-B10D-46C2-A54F-B7E9167E0977}.Release|iPhoneSimulator.Build.0 = Release|Any CPU
		{4983174C-B10D-46C2-A54F-B7E9167E0977}.Release|x64.ActiveCfg = Release|Any CPU
		{4983174C-B10D-46C2-A54F-B7E9167E0977}.Release|x64.Build.0 = Release|Any CPU
		{4983174C-B10D-46C2-A54F-B7E9167E0977}.Release|x86.ActiveCfg = Release|Any CPU
		{4983174C-B10D-46C2-A54F-B7E9167E0977}.Release|x86.Build.0 = Release|Any CPU
	EndGlobalSection
	GlobalSection(SolutionProperties) = preSolution
		HideSolutionNode = FALSE
	EndGlobalSection
EndGlobal
